
Microsoft Visual Studio Solution File, Format Version 12.00
# Visual Studio 2012
Project("{FAE04EC0-301F-11D3-BF4B-00C04F79EFBC}") = "PhysicsDiagrams", "PhysicsDiagrams.csproj", "{FA9833AE-45DF-4497-8854-B5041EFCF6F1}"
EndProject
Global
	GlobalSection(SolutionConfigurationPlatforms) = preSolution
		Debug|iPhoneSimulator = Debug|iPhoneSimulator
		Release|iPhone = Release|iPhone
		Release|iPhoneSimulator = Release|iPhoneSimulator
		Debug|iPhone = Debug|iPhone
	EndGlobalSection
	GlobalSection(ProjectConfigurationPlatforms) = postSolution
		{FA9833AE-45DF-4497-8854-B5041EFCF6F1}.Debug|iPhoneSimulator.ActiveCfg = Debug|iPhoneSimulator
		{FA9833AE-45DF-4497-8854-B5041EFCF6F1}.Debug|iPhoneSimulator.Build.0 = Debug|iPhoneSimulator
		{FA9833AE-45DF-4497-8854-B5041EFCF6F1}.Release|iPhone.ActiveCfg = Release|iPhone
		{FA9833AE-45DF-4497-8854-B5041EFCF6F1}.Release|iPhone.Build.0 = Release|iPhone
		{FA9833AE-45DF-4497-8854-B5041EFCF6F1}.Release|iPhoneSimulator.ActiveCfg = Release|iPhoneSimulator
		{FA9833AE-45DF-4497-8854-B5041EFCF6F1}.Release|iPhoneSimulator.Build.0 = Release|iPhoneSimulator
		{FA9833AE-45DF-4497-8854-B5041EFCF6F1}.Debug|iPhone.ActiveCfg = Debug|iPhone
		{FA9833AE-45DF-4497-8854-B5041EFCF6F1}.Debug|iPhone.Build.0 = Debug|iPhone
	EndGlobalSection
EndGlobal
